
Microsoft Visual Studio Solution File, Format Version 12.00
# Visual Studio 15
VisualStudioVersion = 15.0.28307.645
MinimumVisualStudioVersion = 10.0.40219.1
Project("{8BC9CEB8-8B4A-11D0-8D11-00A0C91BC942}") = "Project1", "Project1\Project1.vcxproj", "{B7508BF9-DC62-48D9-8407-87963E9426FB}"
EndProject
Global
	GlobalSection(SolutionConfigurationPlatforms) = preSolution
		Debug|x64 = Debug|x64
		Debug|x86 = Debug|x86
		Release|x64 = Release|x64
		Release|x86 = Release|x86
	EndGlobalSection
	GlobalSection(ProjectConfigurationPlatforms) = postSolution
		{B7508BF9-DC62-48D9-8407-87963E9426FB}.Debug|x64.ActiveCfg = Debug|x64
		{B7508BF9-DC62-48D9-8407-87963E9426FB}.Debug|x64.Build.0 = Debug|x64
		{B7508BF9-DC62-48D9-8407-87963E9426FB}.Debug|x86.ActiveCfg = Debug|Win32
		{B7508BF9-DC62-48D9-8407-87963E9426FB}.Debug|x86.Build.0 = Debug|Win32
		{B7508BF9-DC62-48D9-8407-87963E9426FB}.Release|x64.ActiveCfg = Release|x64
		{B7508BF9-DC62-48D9-8407-87963E9426FB}.Release|x64.Build.0 = Release|x64
		{B7508BF9-DC62-48D9-8407-87963E9426FB}.Release|x86.ActiveCfg = Release|Win32
		{B7508BF9-DC62-48D9-8407-87963E9426FB}.Release|x86.Build.0 = Release|Win32
	EndGlobalSection
	GlobalSection(SolutionProperties) = preSolution
		HideSolutionNode = FALSE
	EndGlobalSection
	GlobalSection(ExtensibilityGlobals) = postSolution
		SolutionGuid = {078E4BD6-978F-4B53-B3B8-7F565E0F7414}
	EndGlobalSection
EndGlobal
